
Microsoft Visual Studio Solution File, Format Version 12.00
# Visual Studio 15
VisualStudioVersion = 15.0.27703.2035
MinimumVisualStudioVersion = 10.0.40219.1
Project("{FAE04EC0-301F-11D3-BF4B-00C04F79EFBC}") = "Network_Support", "Network_Support\Network_Support.csproj", "{CCB0EDB4-C467-462B-88C3-C561BA968DE1}"
EndProject
Project("{FAE04EC0-301F-11D3-BF4B-00C04F79EFBC}") = "GameController", "GameController\GameController.csproj", "{7A4CB3EF-ACEC-45B0-8EEB-69BD8B8BE6C0}"
EndProject
Project("{FAE04EC0-301F-11D3-BF4B-00C04F79EFBC}") = "World", "World\World.csproj", "{A9F446C5-97C5-4F09-86E1-3C9C7E1445C3}"
EndProject
Project("{FAE04EC0-301F-11D3-BF4B-00C04F79EFBC}") = "Ship", "Ship\Ship.csproj", "{ADA0EE0E-E153-4405-8433-DA9FBB542CD3}"
EndProject
Project("{FAE04EC0-301F-11D3-BF4B-00C04F79EFBC}") = "Vector", "Vector\Vector.csproj", "{AEA005BA-CE6A-4221-87F2-D41E04B0761A}"
EndProject
Project("{FAE04EC0-301F-11D3-BF4B-00C04F79EFBC}") = "Star", "Star\Star.csproj", "{1D5EBF45-19BA-4C7B-B6C6-E307364FDF37}"
EndProject
Project("{FAE04EC0-301F-11D3-BF4B-00C04F79EFBC}") = "Projectile", "Projectile\Projectile.csproj", "{2C7ADE48-0E9A-4A08-836A-9F9B83201F4E}"
EndProject
Project("{FAE04EC0-301F-11D3-BF4B-00C04F79EFBC}") = "View", "View\View.csproj", "{8984882D-3580-4644-B6BF-3C413588305E}"
EndProject
Global
	GlobalSection(SolutionConfigurationPlatforms) = preSolution
		Debug|Any CPU = Debug|Any CPU
		Release|Any CPU = Release|Any CPU
	EndGlobalSection
	GlobalSection(ProjectConfigurationPlatforms) = postSolution
		{CCB0EDB4-C467-462B-88C3-C561BA968DE1}.Debug|Any CPU.ActiveCfg = Debug|Any CPU
		{CCB0EDB4-C467-462B-88C3-C561BA968DE1}.Debug|Any CPU.Build.0 = Debug|Any CPU
		{CCB0EDB4-C467-462B-88C3-C561BA968DE1}.Release|Any CPU.ActiveCfg = Release|Any CPU
		{CCB0EDB4-C467-462B-88C3-C561BA968DE1}.Release|Any CPU.Build.0 = Release|Any CPU
		{7A4CB3EF-ACEC-45B0-8EEB-69BD8B8BE6C0}.Debug|Any CPU.ActiveCfg = Debug|Any CPU
		{7A4CB3EF-ACEC-45B0-8EEB-69BD8B8BE6C0}.Debug|Any CPU.Build.0 = Debug|Any CPU
		{7A4CB3EF-ACEC-45B0-8EEB-69BD8B8BE6C0}.Release|Any CPU.ActiveCfg = Release|Any CPU
		{7A4CB3EF-ACEC-45B0-8EEB-69BD8B8BE6C0}.Release|Any CPU.Build.0 = Release|Any CPU
		{A9F446C5-97C5-4F09-86E1-3C9C7E1445C3}.Debug|Any CPU.ActiveCfg = Debug|Any CPU
		{A9F446C5-97C5-4F09-86E1-3C9C7E1445C3}.Debug|Any CPU.Build.0 = Debug|Any CPU
		{A9F446C5-97C5-4F09-86E1-3C9C7E1445C3}.Release|Any CPU.ActiveCfg = Release|Any CPU
		{A9F446C5-97C5-4F09-86E1-3C9C7E1445C3}.Release|Any CPU.Build.0 = Release|Any CPU
		{ADA0EE0E-E153-4405-8433-DA9FBB542CD3}.Debug|Any CPU.ActiveCfg = Debug|Any CPU
		{ADA0EE0E-E153-4405-8433-DA9FBB542CD3}.Debug|Any CPU.Build.0 = Debug|Any CPU
		{ADA0EE0E-E153-4405-8433-DA9FBB542CD3}.Release|Any CPU.ActiveCfg = Release|Any CPU
		{ADA0EE0E-E153-4405-8433-DA9FBB542CD3}.Release|Any CPU.Build.0 = Release|Any CPU
		{AEA005BA-CE6A-4221-87F2-D41E04B0761A}.Debug|Any CPU.ActiveCfg = Debug|Any CPU
		{AEA005BA-CE6A-4221-87F2-D41E04B0761A}.Debug|Any CPU.Build.0 = Debug|Any CPU
		{AEA005BA-CE6A-4221-87F2-D41E04B0761A}.Release|Any CPU.ActiveCfg = Release|Any CPU
		{AEA005BA-CE6A-4221-87F2-D41E04B0761A}.Release|Any CPU.Build.0 = Release|Any CPU
		{1D5EBF45-19BA-4C7B-B6C6-E307364FDF37}.Debug|Any CPU.ActiveCfg = Debug|Any CPU
		{1D5EBF45-19BA-4C7B-B6C6-E307364FDF37}.Debug|Any CPU.Build.0 = Debug|Any CPU
		{1D5EBF45-19BA-4C7B-B6C6-E307364FDF37}.Release|Any CPU.ActiveCfg = Release|Any CPU
		{1D5EBF45-19BA-4C7B-B6C6-E307364FDF37}.Release|Any CPU.Build.0 = Release|Any CPU
		{2C7ADE48-0E9A-4A08-836A-9F9B83201F4E}.Debug|Any CPU.ActiveCfg = Debug|Any CPU
		{2C7ADE48-0E9A-4A08-836A-9F9B83201F4E}.Debug|Any CPU.Build.0 = Debug|Any CPU
		{2C7ADE48-0E9A-4A08-836A-9F9B83201F4E}.Release|Any CPU.ActiveCfg = Release|Any CPU
		{2C7ADE48-0E9A-4A08-836A-9F9B83201F4E}.Release|Any CPU.Build.0 = Release|Any CPU
		{8984882D-3580-4644-B6BF-3C413588305E}.Debug|Any CPU.ActiveCfg = Debug|Any CPU
		{8984882D-3580-4644-B6BF-3C413588305E}.Debug|Any CPU.Build.0 = Debug|Any CPU
		{8984882D-3580-4644-B6BF-3C413588305E}.Release|Any CPU.ActiveCfg = Release|Any CPU
		{8984882D-3580-4644-B6BF-3C413588305E}.Release|Any CPU.Build.0 = Release|Any CPU
	EndGlobalSection
	GlobalSection(SolutionProperties) = preSolution
		HideSolutionNode = FALSE
	EndGlobalSection
	GlobalSection(ExtensibilityGlobals) = postSolution
		SolutionGuid = {1049C151-A9C1-4243-806B-5A928535B477}
	EndGlobalSection
EndGlobal
