
Microsoft Visual Studio Solution File, Format Version 12.00
# Visual Studio 15
VisualStudioVersion = 15.0.28010.2019
MinimumVisualStudioVersion = 10.0.40219.1
Project("{FAE04EC0-301F-11D3-BF4B-00C04F79EFBC}") = "Container", "Container\Container.csproj", "{649EA10C-CB18-4B8B-9D2A-FFD401FD2C46}"
EndProject
Global
	GlobalSection(SolutionConfigurationPlatforms) = preSolution
		Debug|Any CPU = Debug|Any CPU
		Release|Any CPU = Release|Any CPU
	EndGlobalSection
	GlobalSection(ProjectConfigurationPlatforms) = postSolution
		{649EA10C-CB18-4B8B-9D2A-FFD401FD2C46}.Debug|Any CPU.ActiveCfg = Debug|Any CPU
		{649EA10C-CB18-4B8B-9D2A-FFD401FD2C46}.Debug|Any CPU.Build.0 = Debug|Any CPU
		{649EA10C-CB18-4B8B-9D2A-FFD401FD2C46}.Release|Any CPU.ActiveCfg = Release|Any CPU
		{649EA10C-CB18-4B8B-9D2A-FFD401FD2C46}.Release|Any CPU.Build.0 = Release|Any CPU
	EndGlobalSection
	GlobalSection(SolutionProperties) = preSolution
		HideSolutionNode = FALSE
	EndGlobalSection
	GlobalSection(ExtensibilityGlobals) = postSolution
		SolutionGuid = {159E5F14-6273-48C5-AB56-8DB0465212E5}
	EndGlobalSection
EndGlobal
