
Microsoft Visual Studio Solution File, Format Version 12.00
# Visual Studio 15
VisualStudioVersion = 15.0.28010.2019
MinimumVisualStudioVersion = 10.0.40219.1
Project("{FAE04EC0-301F-11D3-BF4B-00C04F79EFBC}") = "addTwoNumber", "addTwoNumber\addTwoNumber.csproj", "{54D1D8C8-79BF-42D4-8A2C-F64C2369F54F}"
EndProject
Global
	GlobalSection(SolutionConfigurationPlatforms) = preSolution
		Debug|Any CPU = Debug|Any CPU
		Release|Any CPU = Release|Any CPU
	EndGlobalSection
	GlobalSection(ProjectConfigurationPlatforms) = postSolution
		{54D1D8C8-79BF-42D4-8A2C-F64C2369F54F}.Debug|Any CPU.ActiveCfg = Debug|Any CPU
		{54D1D8C8-79BF-42D4-8A2C-F64C2369F54F}.Debug|Any CPU.Build.0 = Debug|Any CPU
		{54D1D8C8-79BF-42D4-8A2C-F64C2369F54F}.Release|Any CPU.ActiveCfg = Release|Any CPU
		{54D1D8C8-79BF-42D4-8A2C-F64C2369F54F}.Release|Any CPU.Build.0 = Release|Any CPU
	EndGlobalSection
	GlobalSection(SolutionProperties) = preSolution
		HideSolutionNode = FALSE
	EndGlobalSection
	GlobalSection(ExtensibilityGlobals) = postSolution
		SolutionGuid = {D2423786-33E4-4079-A83F-D1EBBB91ED3D}
	EndGlobalSection
EndGlobal
